
Microsoft Visual Studio Solution File, Format Version 12.00
# Visual Studio Version 16
VisualStudioVersion = 16.0.32510.428
MinimumVisualStudioVersion = 10.0.40219.1
Project("{FAE04EC0-301F-11D3-BF4B-00C04F79EFBC}") = "NINDS IRMB APP", "NINDS IRMB APP\NINDS IRMB APP.csproj", "{AE23A9A6-A25E-4611-AAC0-44D3991AFEDD}"
EndProject
Global
	GlobalSection(SolutionConfigurationPlatforms) = preSolution
		Debug|Any CPU = Debug|Any CPU
		Release|Any CPU = Release|Any CPU
	EndGlobalSection
	GlobalSection(ProjectConfigurationPlatforms) = postSolution
		{AE23A9A6-A25E-4611-AAC0-44D3991AFEDD}.Debug|Any CPU.ActiveCfg = Debug|Any CPU
		{AE23A9A6-A25E-4611-AAC0-44D3991AFEDD}.Debug|Any CPU.Build.0 = Debug|Any CPU
		{AE23A9A6-A25E-4611-AAC0-44D3991AFEDD}.Release|Any CPU.ActiveCfg = Release|Any CPU
		{AE23A9A6-A25E-4611-AAC0-44D3991AFEDD}.Release|Any CPU.Build.0 = Release|Any CPU
	EndGlobalSection
	GlobalSection(SolutionProperties) = preSolution
		HideSolutionNode = FALSE
	EndGlobalSection
	GlobalSection(ExtensibilityGlobals) = postSolution
		SolutionGuid = {117C7AE4-088A-4F1C-AD63-4CFE90C94340}
	EndGlobalSection
EndGlobal
